
Microsoft Visual Studio Solution File, Format Version 11.00
# Visual Studio 2010
Project("{FAE04EC0-301F-11D3-BF4B-00C04F79EFBC}") = "NeuralClassification", "NeuralClassification\NeuralClassification.csproj", "{DF4CC8E5-0763-467A-8A76-C48F77DCC87E}"
EndProject
Global
	GlobalSection(SolutionConfigurationPlatforms) = preSolution
		Debug|x86 = Debug|x86
		Release|x86 = Release|x86
	EndGlobalSection
	GlobalSection(ProjectConfigurationPlatforms) = postSolution
		{DF4CC8E5-0763-467A-8A76-C48F77DCC87E}.Debug|x86.ActiveCfg = Debug|x86
		{DF4CC8E5-0763-467A-8A76-C48F77DCC87E}.Debug|x86.Build.0 = Debug|x86
		{DF4CC8E5-0763-467A-8A76-C48F77DCC87E}.Release|x86.ActiveCfg = Release|x86
		{DF4CC8E5-0763-467A-8A76-C48F77DCC87E}.Release|x86.Build.0 = Release|x86
	EndGlobalSection
	GlobalSection(SolutionProperties) = preSolution
		HideSolutionNode = FALSE
	EndGlobalSection
EndGlobal
